{
    "format_version": "1.2",
    "terraform_version": "1.9.5",
    "planned_values": {
        "root_module": {
            "resources": [
                {
                    "address": "google_scc_mute_config.c",
                    "mode": "managed",
                    "type": "google_scc_mute_config",
                    "name": "c",
                    "provider_name": "registry.terraform.io/hashicorp/google",
                    "schema_version": 0,
                    "values": {
                        "description": null,
                        "filter": "category: \"OS_VULNERABILITY\"",
                        "mute_config_id": "my-config",
                        "parent": "organizations/123456789",
                        "timeouts": null
                    },
                    "sensitive_values": {}
                },
                {
                    "address": "google_scc_mute_config.nc",
                    "mode": "managed",
                    "type": "google_scc_mute_config",
                    "name": "nc",
                    "provider_name": "registry.terraform.io/hashicorp/google",
                    "schema_version": 0,
                    "values": {
                        "description": null,
                        "filter": "category: \"OS_VULNERABILITY\"",
                        "mute_config_id": "my-config",
                        "parent": "organizations/123456789",
                        "timeouts": null
                    },
                    "sensitive_values": {}
                }
            ]
        }
    },
    "resource_changes": [
        {
            "address": "google_scc_mute_config.c",
            "mode": "managed",
            "type": "google_scc_mute_config",
            "name": "c",
            "provider_name": "registry.terraform.io/hashicorp/google",
            "change": {
                "actions": [
                    "create"
                ],
                "before": null,
                "after": {
                    "description": null,
                    "filter": "category: \"OS_VULNERABILITY\"",
                    "mute_config_id": "my-config",
                    "parent": "organizations/123456789",
                    "timeouts": null
                },
                "after_unknown": {
                    "create_time": true,
                    "id": true,
                    "most_recent_editor": true,
                    "name": true,
                    "update_time": true
                },
                "before_sensitive": false,
                "after_sensitive": {}
            }
        },
        {
            "address": "google_scc_mute_config.nc",
            "mode": "managed",
            "type": "google_scc_mute_config",
            "name": "nc",
            "provider_name": "registry.terraform.io/hashicorp/google",
            "change": {
                "actions": [
                    "create"
                ],
                "before": null,
                "after": {
                    "description": null,
                    "filter": "category: \"OS_VULNERABILITY\"",
                    "mute_config_id": "my-config",
                    "parent": "organizations/123456789",
                    "timeouts": null
                },
                "after_unknown": {
                    "create_time": true,
                    "id": true,
                    "most_recent_editor": true,
                    "name": true,
                    "update_time": true
                },
                "before_sensitive": false,
                "after_sensitive": {}
            }
        }
    ],
    "configuration": {
        "provider_config": {
            "google": {
                "name": "google",
                "full_name": "registry.terraform.io/hashicorp/google",
                "version_constraint": "6.8.0"
            }
        },
        "root_module": {
            "resources": [
                {
                    "address": "google_scc_mute_config.c",
                    "mode": "managed",
                    "type": "google_scc_mute_config",
                    "name": "c",
                    "provider_config_key": "google",
                    "expressions": {
                        "filter": {
                            "constant_value": "category: \"OS_VULNERABILITY\""
                        },
                        "mute_config_id": {
                            "constant_value": "my-config"
                        },
                        "parent": {
                            "constant_value": "organizations/123456789"
                        }
                    },
                    "schema_version": 0
                },
                {
                    "address": "google_scc_mute_config.nc",
                    "mode": "managed",
                    "type": "google_scc_mute_config",
                    "name": "nc",
                    "provider_config_key": "google",
                    "expressions": {
                        "filter": {
                            "constant_value": "category: \"OS_VULNERABILITY\""
                        },
                        "mute_config_id": {
                            "constant_value": "my-config"
                        },
                        "parent": {
                            "constant_value": "organizations/123456789"
                        }
                    },
                    "schema_version": 0
                }
            ]
        }
    },
    "timestamp": "2025-05-05T02:30:22Z",
    "applyable": true,
    "complete": true,
    "errored": false
}