{
    "format_version": "1.2",
    "terraform_version": "1.9.5",
    "planned_values": {
        "root_module": {
            "resources": [
                {
                    "address": "google_folder.folder_c",
                    "mode": "managed",
                    "type": "google_folder",
                    "name": "folder_c",
                    "provider_name": "registry.terraform.io/hashicorp/google",
                    "schema_version": 0,
                    "values": {
                        "deletion_protection": false,
                        "display_name": "folder-name",
                        "parent": "organizations/123456789",
                        "tags": null,
                        "timeouts": null
                    },
                    "sensitive_values": {}
                },
                {
                    "address": "google_folder.folder_nc",
                    "mode": "managed",
                    "type": "google_folder",
                    "name": "folder_nc",
                    "provider_name": "registry.terraform.io/hashicorp/google",
                    "schema_version": 0,
                    "values": {
                        "deletion_protection": false,
                        "display_name": "folder-name",
                        "parent": "organizations/123456789",
                        "tags": null,
                        "timeouts": null
                    },
                    "sensitive_values": {}
                },
                {
                    "address": "google_scc_folder_custom_module.c",
                    "mode": "managed",
                    "type": "google_scc_folder_custom_module",
                    "name": "c",
                    "provider_name": "registry.terraform.io/hashicorp/google",
                    "schema_version": 0,
                    "values": {
                        "custom_config": [
                            {
                                "custom_output": [
                                    {
                                        "properties": [
                                            {
                                                "name": "duration",
                                                "value_expression": [
                                                    {
                                                        "description": "description of the expression",
                                                        "expression": "resource.rotationPeriod",
                                                        "location": "location of the expression",
                                                        "title": "Purpose of the expression"
                                                    }
                                                ]
                                            }
                                        ]
                                    }
                                ],
                                "description": "Description of the custom module",
                                "predicate": [
                                    {
                                        "description": "description of the expression",
                                        "expression": "resource.rotationPeriod \u003e duration(\"2592000s\")",
                                        "location": "location of the expression",
                                        "title": "Purpose of the expression"
                                    }
                                ],
                                "recommendation": "Steps to resolve violation",
                                "resource_selector": [
                                    {
                                        "resource_types": [
                                            "cloudkms.googleapis.com/CryptoKey"
                                        ]
                                    }
                                ],
                                "severity": "LOW"
                            }
                        ],
                        "display_name": "enablement_state",
                        "enablement_state": "ENABLED",
                        "timeouts": null
                    },
                    "sensitive_values": {
                        "custom_config": [
                            {
                                "custom_output": [
                                    {
                                        "properties": [
                                            {
                                                "value_expression": [
                                                    {}
                                                ]
                                            }
                                        ]
                                    }
                                ],
                                "predicate": [
                                    {}
                                ],
                                "resource_selector": [
                                    {
                                        "resource_types": [
                                            false
                                        ]
                                    }
                                ]
                            }
                        ]
                    }
                },
                {
                    "address": "google_scc_folder_custom_module.nc",
                    "mode": "managed",
                    "type": "google_scc_folder_custom_module",
                    "name": "nc",
                    "provider_name": "registry.terraform.io/hashicorp/google",
                    "schema_version": 0,
                    "values": {
                        "custom_config": [
                            {
                                "custom_output": [
                                    {
                                        "properties": [
                                            {
                                                "name": "duration",
                                                "value_expression": [
                                                    {
                                                        "description": "description of the expression",
                                                        "expression": "resource.rotationPeriod",
                                                        "location": "location of the expression",
                                                        "title": "Purpose of the expression"
                                                    }
                                                ]
                                            }
                                        ]
                                    }
                                ],
                                "description": "Description of the custom module",
                                "predicate": [
                                    {
                                        "description": "description of the expression",
                                        "expression": "resource.rotationPeriod \u003e duration(\"2592000s\")",
                                        "location": "location of the expression",
                                        "title": "Purpose of the expression"
                                    }
                                ],
                                "recommendation": "Steps to resolve violation",
                                "resource_selector": [
                                    {
                                        "resource_types": [
                                            "cloudkms.googleapis.com/CryptoKey"
                                        ]
                                    }
                                ],
                                "severity": "LOW"
                            }
                        ],
                        "display_name": "enablement_state",
                        "enablement_state": "DISABLED",
                        "timeouts": null
                    },
                    "sensitive_values": {
                        "custom_config": [
                            {
                                "custom_output": [
                                    {
                                        "properties": [
                                            {
                                                "value_expression": [
                                                    {}
                                                ]
                                            }
                                        ]
                                    }
                                ],
                                "predicate": [
                                    {}
                                ],
                                "resource_selector": [
                                    {
                                        "resource_types": [
                                            false
                                        ]
                                    }
                                ]
                            }
                        ]
                    }
                }
            ]
        }
    },
    "resource_changes": [
        {
            "address": "google_folder.folder_c",
            "mode": "managed",
            "type": "google_folder",
            "name": "folder_c",
            "provider_name": "registry.terraform.io/hashicorp/google",
            "change": {
                "actions": [
                    "create"
                ],
                "before": null,
                "after": {
                    "deletion_protection": false,
                    "display_name": "folder-name",
                    "parent": "organizations/123456789",
                    "tags": null,
                    "timeouts": null
                },
                "after_unknown": {
                    "create_time": true,
                    "folder_id": true,
                    "id": true,
                    "lifecycle_state": true,
                    "name": true
                },
                "before_sensitive": false,
                "after_sensitive": {}
            }
        },
        {
            "address": "google_folder.folder_nc",
            "mode": "managed",
            "type": "google_folder",
            "name": "folder_nc",
            "provider_name": "registry.terraform.io/hashicorp/google",
            "change": {
                "actions": [
                    "create"
                ],
                "before": null,
                "after": {
                    "deletion_protection": false,
                    "display_name": "folder-name",
                    "parent": "organizations/123456789",
                    "tags": null,
                    "timeouts": null
                },
                "after_unknown": {
                    "create_time": true,
                    "folder_id": true,
                    "id": true,
                    "lifecycle_state": true,
                    "name": true
                },
                "before_sensitive": false,
                "after_sensitive": {}
            }
        },
        {
            "address": "google_scc_folder_custom_module.c",
            "mode": "managed",
            "type": "google_scc_folder_custom_module",
            "name": "c",
            "provider_name": "registry.terraform.io/hashicorp/google",
            "change": {
                "actions": [
                    "create"
                ],
                "before": null,
                "after": {
                    "custom_config": [
                        {
                            "custom_output": [
                                {
                                    "properties": [
                                        {
                                            "name": "duration",
                                            "value_expression": [
                                                {
                                                    "description": "description of the expression",
                                                    "expression": "resource.rotationPeriod",
                                                    "location": "location of the expression",
                                                    "title": "Purpose of the expression"
                                                }
                                            ]
                                        }
                                    ]
                                }
                            ],
                            "description": "Description of the custom module",
                            "predicate": [
                                {
                                    "description": "description of the expression",
                                    "expression": "resource.rotationPeriod \u003e duration(\"2592000s\")",
                                    "location": "location of the expression",
                                    "title": "Purpose of the expression"
                                }
                            ],
                            "recommendation": "Steps to resolve violation",
                            "resource_selector": [
                                {
                                    "resource_types": [
                                        "cloudkms.googleapis.com/CryptoKey"
                                    ]
                                }
                            ],
                            "severity": "LOW"
                        }
                    ],
                    "display_name": "enablement_state",
                    "enablement_state": "ENABLED",
                    "timeouts": null
                },
                "after_unknown": {
                    "ancestor_module": true,
                    "custom_config": [
                        {
                            "custom_output": [
                                {
                                    "properties": [
                                        {
                                            "value_expression": [
                                                {}
                                            ]
                                        }
                                    ]
                                }
                            ],
                            "predicate": [
                                {}
                            ],
                            "resource_selector": [
                                {
                                    "resource_types": [
                                        false
                                    ]
                                }
                            ]
                        }
                    ],
                    "folder": true,
                    "id": true,
                    "last_editor": true,
                    "name": true,
                    "update_time": true
                },
                "before_sensitive": false,
                "after_sensitive": {
                    "custom_config": [
                        {
                            "custom_output": [
                                {
                                    "properties": [
                                        {
                                            "value_expression": [
                                                {}
                                            ]
                                        }
                                    ]
                                }
                            ],
                            "predicate": [
                                {}
                            ],
                            "resource_selector": [
                                {
                                    "resource_types": [
                                        false
                                    ]
                                }
                            ]
                        }
                    ]
                }
            }
        },
        {
            "address": "google_scc_folder_custom_module.nc",
            "mode": "managed",
            "type": "google_scc_folder_custom_module",
            "name": "nc",
            "provider_name": "registry.terraform.io/hashicorp/google",
            "change": {
                "actions": [
                    "create"
                ],
                "before": null,
                "after": {
                    "custom_config": [
                        {
                            "custom_output": [
                                {
                                    "properties": [
                                        {
                                            "name": "duration",
                                            "value_expression": [
                                                {
                                                    "description": "description of the expression",
                                                    "expression": "resource.rotationPeriod",
                                                    "location": "location of the expression",
                                                    "title": "Purpose of the expression"
                                                }
                                            ]
                                        }
                                    ]
                                }
                            ],
                            "description": "Description of the custom module",
                            "predicate": [
                                {
                                    "description": "description of the expression",
                                    "expression": "resource.rotationPeriod \u003e duration(\"2592000s\")",
                                    "location": "location of the expression",
                                    "title": "Purpose of the expression"
                                }
                            ],
                            "recommendation": "Steps to resolve violation",
                            "resource_selector": [
                                {
                                    "resource_types": [
                                        "cloudkms.googleapis.com/CryptoKey"
                                    ]
                                }
                            ],
                            "severity": "LOW"
                        }
                    ],
                    "display_name": "enablement_state",
                    "enablement_state": "DISABLED",
                    "timeouts": null
                },
                "after_unknown": {
                    "ancestor_module": true,
                    "custom_config": [
                        {
                            "custom_output": [
                                {
                                    "properties": [
                                        {
                                            "value_expression": [
                                                {}
                                            ]
                                        }
                                    ]
                                }
                            ],
                            "predicate": [
                                {}
                            ],
                            "resource_selector": [
                                {
                                    "resource_types": [
                                        false
                                    ]
                                }
                            ]
                        }
                    ],
                    "folder": true,
                    "id": true,
                    "last_editor": true,
                    "name": true,
                    "update_time": true
                },
                "before_sensitive": false,
                "after_sensitive": {
                    "custom_config": [
                        {
                            "custom_output": [
                                {
                                    "properties": [
                                        {
                                            "value_expression": [
                                                {}
                                            ]
                                        }
                                    ]
                                }
                            ],
                            "predicate": [
                                {}
                            ],
                            "resource_selector": [
                                {
                                    "resource_types": [
                                        false
                                    ]
                                }
                            ]
                        }
                    ]
                }
            }
        }
    ],
    "configuration": {
        "provider_config": {
            "google": {
                "name": "google",
                "full_name": "registry.terraform.io/hashicorp/google",
                "version_constraint": "6.8.0"
            }
        },
        "root_module": {
            "resources": [
                {
                    "address": "google_folder.folder_c",
                    "mode": "managed",
                    "type": "google_folder",
                    "name": "folder_c",
                    "provider_config_key": "google",
                    "expressions": {
                        "deletion_protection": {
                            "constant_value": false
                        },
                        "display_name": {
                            "constant_value": "folder-name"
                        },
                        "parent": {
                            "constant_value": "organizations/123456789"
                        }
                    },
                    "schema_version": 0
                },
                {
                    "address": "google_folder.folder_nc",
                    "mode": "managed",
                    "type": "google_folder",
                    "name": "folder_nc",
                    "provider_config_key": "google",
                    "expressions": {
                        "deletion_protection": {
                            "constant_value": false
                        },
                        "display_name": {
                            "constant_value": "folder-name"
                        },
                        "parent": {
                            "constant_value": "organizations/123456789"
                        }
                    },
                    "schema_version": 0
                },
                {
                    "address": "google_scc_folder_custom_module.c",
                    "mode": "managed",
                    "type": "google_scc_folder_custom_module",
                    "name": "c",
                    "provider_config_key": "google",
                    "expressions": {
                        "custom_config": [
                            {
                                "custom_output": [
                                    {
                                        "properties": [
                                            {
                                                "name": {
                                                    "constant_value": "duration"
                                                },
                                                "value_expression": [
                                                    {
                                                        "description": {
                                                            "constant_value": "description of the expression"
                                                        },
                                                        "expression": {
                                                            "constant_value": "resource.rotationPeriod"
                                                        },
                                                        "location": {
                                                            "constant_value": "location of the expression"
                                                        },
                                                        "title": {
                                                            "constant_value": "Purpose of the expression"
                                                        }
                                                    }
                                                ]
                                            }
                                        ]
                                    }
                                ],
                                "description": {
                                    "constant_value": "Description of the custom module"
                                },
                                "predicate": [
                                    {
                                        "description": {
                                            "constant_value": "description of the expression"
                                        },
                                        "expression": {
                                            "constant_value": "resource.rotationPeriod \u003e duration(\"2592000s\")"
                                        },
                                        "location": {
                                            "constant_value": "location of the expression"
                                        },
                                        "title": {
                                            "constant_value": "Purpose of the expression"
                                        }
                                    }
                                ],
                                "recommendation": {
                                    "constant_value": "Steps to resolve violation"
                                },
                                "resource_selector": [
                                    {
                                        "resource_types": {
                                            "constant_value": [
                                                "cloudkms.googleapis.com/CryptoKey"
                                            ]
                                        }
                                    }
                                ],
                                "severity": {
                                    "constant_value": "LOW"
                                }
                            }
                        ],
                        "display_name": {
                            "constant_value": "enablement_state"
                        },
                        "enablement_state": {
                            "constant_value": "ENABLED"
                        },
                        "folder": {
                            "references": [
                                "google_folder.folder_c.folder_id",
                                "google_folder.folder_c"
                            ]
                        }
                    },
                    "schema_version": 0
                },
                {
                    "address": "google_scc_folder_custom_module.nc",
                    "mode": "managed",
                    "type": "google_scc_folder_custom_module",
                    "name": "nc",
                    "provider_config_key": "google",
                    "expressions": {
                        "custom_config": [
                            {
                                "custom_output": [
                                    {
                                        "properties": [
                                            {
                                                "name": {
                                                    "constant_value": "duration"
                                                },
                                                "value_expression": [
                                                    {
                                                        "description": {
                                                            "constant_value": "description of the expression"
                                                        },
                                                        "expression": {
                                                            "constant_value": "resource.rotationPeriod"
                                                        },
                                                        "location": {
                                                            "constant_value": "location of the expression"
                                                        },
                                                        "title": {
                                                            "constant_value": "Purpose of the expression"
                                                        }
                                                    }
                                                ]
                                            }
                                        ]
                                    }
                                ],
                                "description": {
                                    "constant_value": "Description of the custom module"
                                },
                                "predicate": [
                                    {
                                        "description": {
                                            "constant_value": "description of the expression"
                                        },
                                        "expression": {
                                            "constant_value": "resource.rotationPeriod \u003e duration(\"2592000s\")"
                                        },
                                        "location": {
                                            "constant_value": "location of the expression"
                                        },
                                        "title": {
                                            "constant_value": "Purpose of the expression"
                                        }
                                    }
                                ],
                                "recommendation": {
                                    "constant_value": "Steps to resolve violation"
                                },
                                "resource_selector": [
                                    {
                                        "resource_types": {
                                            "constant_value": [
                                                "cloudkms.googleapis.com/CryptoKey"
                                            ]
                                        }
                                    }
                                ],
                                "severity": {
                                    "constant_value": "LOW"
                                }
                            }
                        ],
                        "display_name": {
                            "constant_value": "enablement_state"
                        },
                        "enablement_state": {
                            "constant_value": "DISABLED"
                        },
                        "folder": {
                            "references": [
                                "google_folder.folder_nc.folder_id",
                                "google_folder.folder_nc"
                            ]
                        }
                    },
                    "schema_version": 0
                }
            ]
        }
    },
    "relevant_attributes": [
        {
            "resource": "google_folder.folder_nc",
            "attribute": [
                "folder_id"
            ]
        },
        {
            "resource": "google_folder.folder_c",
            "attribute": [
                "folder_id"
            ]
        }
    ],
    "timestamp": "2025-05-04T23:00:20Z",
    "applyable": true,
    "complete": true,
    "errored": false
}