{
    "format_version": "1.2",
    "terraform_version": "1.11.3",
    "planned_values": {
        "root_module": {
            "resources": [
                {
                    "address": "google_backup_dr_backup_vault.c",
                    "mode": "managed",
                    "type": "google_backup_dr_backup_vault",
                    "name": "c",
                    "provider_name": "registry.terraform.io/hashicorp/google-beta",
                    "schema_version": 0,
                    "values": {
                        "access_restriction": "WITHIN_ORGANIZATION",
                        "allow_missing": false,
                        "annotations": {},
                        "backup_count": "",
                        "backup_minimum_enforced_retention_duration": "86400s",
                        "backup_vault_id": "backup-vault-c",
                        "create_time": "2025-04-13T07:41:03.591555079Z",
                        "deletable": true,
                        "description": "",
                        "effective_annotations": {},
                        "effective_labels": {
                            "goog-terraform-provisioned": "true"
                        },
                        "effective_time": "",
                        "etag": "qDLUIjuFHOUYf4e4EHa-6vWcMCg02GYkajHcgFVjJqA",
                        "force_delete": true,
                        "force_update": false,
                        "id": "projects/policy-deployment-backups/locations/australia-southeast1/backupVaults/backup-vault-c",
                        "ignore_backup_plan_references": false,
                        "ignore_inactive_datasources": false,
                        "labels": {},
                        "location": "australia-southeast1",
                        "name": "projects/policy-deployment-backups/locations/australia-southeast1/backupVaults/backup-vault-c",
                        "project": "policy-deployment-backups",
                        "service_account": "vault-65404633773-15338@gcp-sa-backupdr-pr.iam.gserviceaccount.com",
                        "state": "ACTIVE",
                        "terraform_labels": {
                            "goog-terraform-provisioned": "true"
                        },
                        "timeouts": null,
                        "total_stored_bytes": "",
                        "uid": "22e7e8ae-3e9d-4f0a-bad1-9d78a9bb0801",
                        "update_time": "2025-04-13T07:41:58.606204066Z"
                    },
                    "sensitive_values": {
                        "annotations": {},
                        "effective_annotations": {},
                        "effective_labels": {},
                        "labels": {},
                        "terraform_labels": {}
                    }
                },
                {
                    "address": "google_backup_dr_backup_vault.nc",
                    "mode": "managed",
                    "type": "google_backup_dr_backup_vault",
                    "name": "nc",
                    "provider_name": "registry.terraform.io/hashicorp/google-beta",
                    "schema_version": 0,
                    "values": {
                        "access_restriction": "WITHIN_ORGANIZATION",
                        "allow_missing": false,
                        "annotations": null,
                        "backup_minimum_enforced_retention_duration": "86400s",
                        "backup_vault_id": "backup-vault-nc",
                        "description": null,
                        "effective_labels": {
                            "goog-terraform-provisioned": "true"
                        },
                        "effective_time": null,
                        "force_delete": false,
                        "force_update": false,
                        "ignore_backup_plan_references": false,
                        "ignore_inactive_datasources": false,
                        "labels": null,
                        "location": "australia-southeast1",
                        "project": "policy-deployment-backups",
                        "terraform_labels": {
                            "goog-terraform-provisioned": "true"
                        },
                        "timeouts": null
                    },
                    "sensitive_values": {
                        "effective_annotations": {},
                        "effective_labels": {},
                        "terraform_labels": {}
                    }
                }
            ]
        }
    },
    "resource_drift": [
        {
            "address": "google_backup_dr_backup_vault.c",
            "mode": "managed",
            "type": "google_backup_dr_backup_vault",
            "name": "c",
            "provider_name": "registry.terraform.io/hashicorp/google-beta",
            "change": {
                "actions": [
                    "update"
                ],
                "before": {
                    "access_restriction": "WITHIN_ORGANIZATION",
                    "allow_missing": false,
                    "annotations": null,
                    "backup_count": "",
                    "backup_minimum_enforced_retention_duration": "86400s",
                    "backup_vault_id": "backup-vault-c",
                    "create_time": "2025-04-13T07:41:03.591555079Z",
                    "deletable": true,
                    "description": "",
                    "effective_annotations": {},
                    "effective_labels": {
                        "goog-terraform-provisioned": "true"
                    },
                    "effective_time": "",
                    "etag": "qDLUIjuFHOUYf4e4EHa-6vWcMCg02GYkajHcgFVjJqA",
                    "force_delete": true,
                    "force_update": false,
                    "id": "projects/policy-deployment-backups/locations/australia-southeast1/backupVaults/backup-vault-c",
                    "ignore_backup_plan_references": false,
                    "ignore_inactive_datasources": false,
                    "labels": null,
                    "location": "australia-southeast1",
                    "name": "projects/policy-deployment-backups/locations/australia-southeast1/backupVaults/backup-vault-c",
                    "project": "policy-deployment-backups",
                    "service_account": "vault-65404633773-15338@gcp-sa-backupdr-pr.iam.gserviceaccount.com",
                    "state": "ACTIVE",
                    "terraform_labels": {
                        "goog-terraform-provisioned": "true"
                    },
                    "timeouts": null,
                    "total_stored_bytes": "",
                    "uid": "22e7e8ae-3e9d-4f0a-bad1-9d78a9bb0801",
                    "update_time": "2025-04-13T07:41:58.606204066Z"
                },
                "after": {
                    "access_restriction": "WITHIN_ORGANIZATION",
                    "allow_missing": false,
                    "annotations": {},
                    "backup_count": "",
                    "backup_minimum_enforced_retention_duration": "86400s",
                    "backup_vault_id": "backup-vault-c",
                    "create_time": "2025-04-13T07:41:03.591555079Z",
                    "deletable": true,
                    "description": "",
                    "effective_annotations": {},
                    "effective_labels": {
                        "goog-terraform-provisioned": "true"
                    },
                    "effective_time": "",
                    "etag": "qDLUIjuFHOUYf4e4EHa-6vWcMCg02GYkajHcgFVjJqA",
                    "force_delete": true,
                    "force_update": false,
                    "id": "projects/policy-deployment-backups/locations/australia-southeast1/backupVaults/backup-vault-c",
                    "ignore_backup_plan_references": false,
                    "ignore_inactive_datasources": false,
                    "labels": {},
                    "location": "australia-southeast1",
                    "name": "projects/policy-deployment-backups/locations/australia-southeast1/backupVaults/backup-vault-c",
                    "project": "policy-deployment-backups",
                    "service_account": "vault-65404633773-15338@gcp-sa-backupdr-pr.iam.gserviceaccount.com",
                    "state": "ACTIVE",
                    "terraform_labels": {
                        "goog-terraform-provisioned": "true"
                    },
                    "timeouts": null,
                    "total_stored_bytes": "",
                    "uid": "22e7e8ae-3e9d-4f0a-bad1-9d78a9bb0801",
                    "update_time": "2025-04-13T07:41:58.606204066Z"
                },
                "after_unknown": {},
                "before_sensitive": {
                    "effective_annotations": {},
                    "effective_labels": {},
                    "terraform_labels": {}
                },
                "after_sensitive": {
                    "annotations": {},
                    "effective_annotations": {},
                    "effective_labels": {},
                    "labels": {},
                    "terraform_labels": {}
                }
            }
        }
    ],
    "resource_changes": [
        {
            "address": "google_backup_dr_backup_vault.c",
            "mode": "managed",
            "type": "google_backup_dr_backup_vault",
            "name": "c",
            "provider_name": "registry.terraform.io/hashicorp/google-beta",
            "change": {
                "actions": [
                    "no-op"
                ],
                "before": {
                    "access_restriction": "WITHIN_ORGANIZATION",
                    "allow_missing": false,
                    "annotations": {},
                    "backup_count": "",
                    "backup_minimum_enforced_retention_duration": "86400s",
                    "backup_vault_id": "backup-vault-c",
                    "create_time": "2025-04-13T07:41:03.591555079Z",
                    "deletable": true,
                    "description": "",
                    "effective_annotations": {},
                    "effective_labels": {
                        "goog-terraform-provisioned": "true"
                    },
                    "effective_time": "",
                    "etag": "qDLUIjuFHOUYf4e4EHa-6vWcMCg02GYkajHcgFVjJqA",
                    "force_delete": true,
                    "force_update": false,
                    "id": "projects/policy-deployment-backups/locations/australia-southeast1/backupVaults/backup-vault-c",
                    "ignore_backup_plan_references": false,
                    "ignore_inactive_datasources": false,
                    "labels": {},
                    "location": "australia-southeast1",
                    "name": "projects/policy-deployment-backups/locations/australia-southeast1/backupVaults/backup-vault-c",
                    "project": "policy-deployment-backups",
                    "service_account": "vault-65404633773-15338@gcp-sa-backupdr-pr.iam.gserviceaccount.com",
                    "state": "ACTIVE",
                    "terraform_labels": {
                        "goog-terraform-provisioned": "true"
                    },
                    "timeouts": null,
                    "total_stored_bytes": "",
                    "uid": "22e7e8ae-3e9d-4f0a-bad1-9d78a9bb0801",
                    "update_time": "2025-04-13T07:41:58.606204066Z"
                },
                "after": {
                    "access_restriction": "WITHIN_ORGANIZATION",
                    "allow_missing": false,
                    "annotations": {},
                    "backup_count": "",
                    "backup_minimum_enforced_retention_duration": "86400s",
                    "backup_vault_id": "backup-vault-c",
                    "create_time": "2025-04-13T07:41:03.591555079Z",
                    "deletable": true,
                    "description": "",
                    "effective_annotations": {},
                    "effective_labels": {
                        "goog-terraform-provisioned": "true"
                    },
                    "effective_time": "",
                    "etag": "qDLUIjuFHOUYf4e4EHa-6vWcMCg02GYkajHcgFVjJqA",
                    "force_delete": true,
                    "force_update": false,
                    "id": "projects/policy-deployment-backups/locations/australia-southeast1/backupVaults/backup-vault-c",
                    "ignore_backup_plan_references": false,
                    "ignore_inactive_datasources": false,
                    "labels": {},
                    "location": "australia-southeast1",
                    "name": "projects/policy-deployment-backups/locations/australia-southeast1/backupVaults/backup-vault-c",
                    "project": "policy-deployment-backups",
                    "service_account": "vault-65404633773-15338@gcp-sa-backupdr-pr.iam.gserviceaccount.com",
                    "state": "ACTIVE",
                    "terraform_labels": {
                        "goog-terraform-provisioned": "true"
                    },
                    "timeouts": null,
                    "total_stored_bytes": "",
                    "uid": "22e7e8ae-3e9d-4f0a-bad1-9d78a9bb0801",
                    "update_time": "2025-04-13T07:41:58.606204066Z"
                },
                "after_unknown": {},
                "before_sensitive": {
                    "annotations": {},
                    "effective_annotations": {},
                    "effective_labels": {},
                    "labels": {},
                    "terraform_labels": {}
                },
                "after_sensitive": {
                    "annotations": {},
                    "effective_annotations": {},
                    "effective_labels": {},
                    "labels": {},
                    "terraform_labels": {}
                }
            }
        },
        {
            "address": "google_backup_dr_backup_vault.nc",
            "mode": "managed",
            "type": "google_backup_dr_backup_vault",
            "name": "nc",
            "provider_name": "registry.terraform.io/hashicorp/google-beta",
            "change": {
                "actions": [
                    "create"
                ],
                "before": null,
                "after": {
                    "access_restriction": "WITHIN_ORGANIZATION",
                    "allow_missing": false,
                    "annotations": null,
                    "backup_minimum_enforced_retention_duration": "86400s",
                    "backup_vault_id": "backup-vault-nc",
                    "description": null,
                    "effective_labels": {
                        "goog-terraform-provisioned": "true"
                    },
                    "effective_time": null,
                    "force_delete": false,
                    "force_update": false,
                    "ignore_backup_plan_references": false,
                    "ignore_inactive_datasources": false,
                    "labels": null,
                    "location": "australia-southeast1",
                    "project": "policy-deployment-backups",
                    "terraform_labels": {
                        "goog-terraform-provisioned": "true"
                    },
                    "timeouts": null
                },
                "after_unknown": {
                    "backup_count": true,
                    "create_time": true,
                    "deletable": true,
                    "effective_annotations": true,
                    "effective_labels": {},
                    "etag": true,
                    "id": true,
                    "name": true,
                    "service_account": true,
                    "state": true,
                    "terraform_labels": {},
                    "total_stored_bytes": true,
                    "uid": true,
                    "update_time": true
                },
                "before_sensitive": false,
                "after_sensitive": {
                    "effective_annotations": {},
                    "effective_labels": {},
                    "terraform_labels": {}
                }
            }
        }
    ],
    "prior_state": {
        "format_version": "1.0",
        "terraform_version": "1.11.3",
        "values": {
            "root_module": {
                "resources": [
                    {
                        "address": "google_backup_dr_backup_vault.c",
                        "mode": "managed",
                        "type": "google_backup_dr_backup_vault",
                        "name": "c",
                        "provider_name": "registry.terraform.io/hashicorp/google-beta",
                        "schema_version": 0,
                        "values": {
                            "access_restriction": "WITHIN_ORGANIZATION",
                            "allow_missing": false,
                            "annotations": {},
                            "backup_count": "",
                            "backup_minimum_enforced_retention_duration": "86400s",
                            "backup_vault_id": "backup-vault-c",
                            "create_time": "2025-04-13T07:41:03.591555079Z",
                            "deletable": true,
                            "description": "",
                            "effective_annotations": {},
                            "effective_labels": {
                                "goog-terraform-provisioned": "true"
                            },
                            "effective_time": "",
                            "etag": "qDLUIjuFHOUYf4e4EHa-6vWcMCg02GYkajHcgFVjJqA",
                            "force_delete": true,
                            "force_update": false,
                            "id": "projects/policy-deployment-backups/locations/australia-southeast1/backupVaults/backup-vault-c",
                            "ignore_backup_plan_references": false,
                            "ignore_inactive_datasources": false,
                            "labels": {},
                            "location": "australia-southeast1",
                            "name": "projects/policy-deployment-backups/locations/australia-southeast1/backupVaults/backup-vault-c",
                            "project": "policy-deployment-backups",
                            "service_account": "vault-65404633773-15338@gcp-sa-backupdr-pr.iam.gserviceaccount.com",
                            "state": "ACTIVE",
                            "terraform_labels": {
                                "goog-terraform-provisioned": "true"
                            },
                            "timeouts": null,
                            "total_stored_bytes": "",
                            "uid": "22e7e8ae-3e9d-4f0a-bad1-9d78a9bb0801",
                            "update_time": "2025-04-13T07:41:58.606204066Z"
                        },
                        "sensitive_values": {
                            "annotations": {},
                            "effective_annotations": {},
                            "effective_labels": {},
                            "labels": {},
                            "terraform_labels": {}
                        }
                    }
                ]
            }
        }
    },
    "configuration": {
        "provider_config": {
            "google": {
                "name": "google",
                "full_name": "registry.terraform.io/hashicorp/google",
                "version_constraint": "6.8.0"
            },
            "google-beta": {
                "name": "google-beta",
                "full_name": "registry.terraform.io/hashicorp/google-beta",
                "expressions": {
                    "project": {
                        "constant_value": "policy-deployment-backups"
                    },
                    "region": {
                        "constant_value": "australia-southeast1"
                    }
                }
            }
        },
        "root_module": {
            "resources": [
                {
                    "address": "google_backup_dr_backup_vault.c",
                    "mode": "managed",
                    "type": "google_backup_dr_backup_vault",
                    "name": "c",
                    "provider_config_key": "google-beta",
                    "expressions": {
                        "backup_minimum_enforced_retention_duration": {
                            "constant_value": "86400s"
                        },
                        "backup_vault_id": {
                            "constant_value": "backup-vault-c"
                        },
                        "force_delete": {
                            "constant_value": true
                        },
                        "location": {
                            "constant_value": "australia-southeast1"
                        }
                    },
                    "schema_version": 0
                },
                {
                    "address": "google_backup_dr_backup_vault.nc",
                    "mode": "managed",
                    "type": "google_backup_dr_backup_vault",
                    "name": "nc",
                    "provider_config_key": "google-beta",
                    "expressions": {
                        "backup_minimum_enforced_retention_duration": {
                            "constant_value": "86400s"
                        },
                        "backup_vault_id": {
                            "constant_value": "backup-vault-nc"
                        },
                        "force_delete": {
                            "constant_value": false
                        },
                        "location": {
                            "constant_value": "australia-southeast1"
                        }
                    },
                    "schema_version": 0
                }
            ]
        }
    },
    "timestamp": "2025-04-13T08:10:48Z",
    "applyable": true,
    "complete": true,
    "errored": false
}