{"format_version":"1.2","terraform_version":"1.9.5","planned_values":{"root_module":{"resources":[{"address":"google_scc_source.c","mode":"managed","type":"google_scc_source","name":"c","provider_name":"registry.terraform.io/hashicorp/google","schema_version":0,"values":{"description":"My custom Cloud Security Command Center Finding Source","display_name":"My Source","organization":"123456789","timeouts":null},"sensitive_values":{}},{"address":"google_scc_source.nc","mode":"managed","type":"google_scc_source","name":"nc","provider_name":"registry.terraform.io/hashicorp/google","schema_version":0,"values":{"description":"My custom Cloud Security Command Center Finding Source","display_name":"12MySoucefderwcdnpwedwedpp3eowd3j3dfeswe2wds2wqednp3oe2dpnxrce","organization":"123456789","timeouts":null},"sensitive_values":{}}]}},"resource_changes":[{"address":"google_scc_source.c","mode":"managed","type":"google_scc_source","name":"c","provider_name":"registry.terraform.io/hashicorp/google","change":{"actions":["create"],"before":null,"after":{"description":"My custom Cloud Security Command Center Finding Source","display_name":"My Source","organization":"123456789","timeouts":null},"after_unknown":{"id":true,"name":true},"before_sensitive":false,"after_sensitive":{}}},{"address":"google_scc_source.nc","mode":"managed","type":"google_scc_source","name":"nc","provider_name":"registry.terraform.io/hashicorp/google","change":{"actions":["create"],"before":null,"after":{"description":"My custom Cloud Security Command Center Finding Source","display_name":"12MySoucefderwcdnpwedwedpp3eowd3j3dfeswe2wds2wqednp3oe2dpnxrce","organization":"123456789","timeouts":null},"after_unknown":{"id":true,"name":true},"before_sensitive":false,"after_sensitive":{}}}],"configuration":{"provider_config":{"google":{"name":"google","full_name":"registry.terraform.io/hashicorp/google","version_constraint":"6.8.0"}},"root_module":{"resources":[{"address":"google_scc_source.c","mode":"managed","type":"google_scc_source","name":"c","provider_config_key":"google","expressions":{"description":{"constant_value":"My custom Cloud Security Command Center Finding Source"},"display_name":{"constant_value":"My Source"},"organization":{"constant_value":"123456789"}},"schema_version":0},{"address":"google_scc_source.nc","mode":"managed","type":"google_scc_source","name":"nc","provider_config_key":"google","expressions":{"description":{"constant_value":"My custom Cloud Security Command Center Finding Source"},"display_name":{"constant_value":"12MySoucefderwcdnpwedwedpp3eowd3j3dfeswe2wds2wqednp3oe2dpnxrce"},"organization":{"constant_value":"123456789"}},"schema_version":0}]}},"timestamp":"2025-05-05T05:43:26Z","applyable":true,"complete":true,"errored":false}
