{
    "format_version": "1.2",
    "terraform_version": "1.9.5",
    "planned_values": {
        "root_module": {
            "resources": [
                {
                    "address": "google_scc_project_custom_module.c",
                    "mode": "managed",
                    "type": "google_scc_project_custom_module",
                    "name": "c",
                    "provider_name": "registry.terraform.io/hashicorp/google",
                    "schema_version": 0,
                    "values": {
                        "custom_config": [
                            {
                                "custom_output": [],
                                "description": null,
                                "predicate": [
                                    {
                                        "description": null,
                                        "expression": "resource.rotationPeriod \u003e duration(\"2592000s\")",
                                        "location": null,
                                        "title": null
                                    }
                                ],
                                "recommendation": "Steps to resolve violation",
                                "resource_selector": [
                                    {
                                        "resource_types": [
                                            "cloudkms.googleapis.com/CryptoKey"
                                        ]
                                    }
                                ],
                                "severity": "LOW"
                            }
                        ],
                        "display_name": "enablement_state",
                        "enablement_state": "ENABLED",
                        "project": "cefwed",
                        "timeouts": null
                    },
                    "sensitive_values": {
                        "custom_config": [
                            {
                                "custom_output": [],
                                "predicate": [
                                    {}
                                ],
                                "resource_selector": [
                                    {
                                        "resource_types": [
                                            false
                                        ]
                                    }
                                ]
                            }
                        ]
                    }
                },
                {
                    "address": "google_scc_project_custom_module.nc",
                    "mode": "managed",
                    "type": "google_scc_project_custom_module",
                    "name": "nc",
                    "provider_name": "registry.terraform.io/hashicorp/google",
                    "schema_version": 0,
                    "values": {
                        "custom_config": [
                            {
                                "custom_output": [],
                                "description": null,
                                "predicate": [
                                    {
                                        "description": null,
                                        "expression": "resource.rotationPeriod \u003e duration(\"2592000s\")",
                                        "location": null,
                                        "title": null
                                    }
                                ],
                                "recommendation": "Steps to resolve violation",
                                "resource_selector": [
                                    {
                                        "resource_types": [
                                            "cloudkms.googleapis.com/CryptoKey"
                                        ]
                                    }
                                ],
                                "severity": "LOW"
                            }
                        ],
                        "display_name": "enablement_state",
                        "enablement_state": "DISABLED",
                        "project": "cefwed",
                        "timeouts": null
                    },
                    "sensitive_values": {
                        "custom_config": [
                            {
                                "custom_output": [],
                                "predicate": [
                                    {}
                                ],
                                "resource_selector": [
                                    {
                                        "resource_types": [
                                            false
                                        ]
                                    }
                                ]
                            }
                        ]
                    }
                }
            ]
        }
    },
    "resource_changes": [
        {
            "address": "google_scc_project_custom_module.c",
            "mode": "managed",
            "type": "google_scc_project_custom_module",
            "name": "c",
            "provider_name": "registry.terraform.io/hashicorp/google",
            "change": {
                "actions": [
                    "create"
                ],
                "before": null,
                "after": {
                    "custom_config": [
                        {
                            "custom_output": [],
                            "description": null,
                            "predicate": [
                                {
                                    "description": null,
                                    "expression": "resource.rotationPeriod \u003e duration(\"2592000s\")",
                                    "location": null,
                                    "title": null
                                }
                            ],
                            "recommendation": "Steps to resolve violation",
                            "resource_selector": [
                                {
                                    "resource_types": [
                                        "cloudkms.googleapis.com/CryptoKey"
                                    ]
                                }
                            ],
                            "severity": "LOW"
                        }
                    ],
                    "display_name": "enablement_state",
                    "enablement_state": "ENABLED",
                    "project": "cefwed",
                    "timeouts": null
                },
                "after_unknown": {
                    "ancestor_module": true,
                    "custom_config": [
                        {
                            "custom_output": [],
                            "predicate": [
                                {}
                            ],
                            "resource_selector": [
                                {
                                    "resource_types": [
                                        false
                                    ]
                                }
                            ]
                        }
                    ],
                    "id": true,
                    "last_editor": true,
                    "name": true,
                    "update_time": true
                },
                "before_sensitive": false,
                "after_sensitive": {
                    "custom_config": [
                        {
                            "custom_output": [],
                            "predicate": [
                                {}
                            ],
                            "resource_selector": [
                                {
                                    "resource_types": [
                                        false
                                    ]
                                }
                            ]
                        }
                    ]
                }
            }
        },
        {
            "address": "google_scc_project_custom_module.nc",
            "mode": "managed",
            "type": "google_scc_project_custom_module",
            "name": "nc",
            "provider_name": "registry.terraform.io/hashicorp/google",
            "change": {
                "actions": [
                    "create"
                ],
                "before": null,
                "after": {
                    "custom_config": [
                        {
                            "custom_output": [],
                            "description": null,
                            "predicate": [
                                {
                                    "description": null,
                                    "expression": "resource.rotationPeriod \u003e duration(\"2592000s\")",
                                    "location": null,
                                    "title": null
                                }
                            ],
                            "recommendation": "Steps to resolve violation",
                            "resource_selector": [
                                {
                                    "resource_types": [
                                        "cloudkms.googleapis.com/CryptoKey"
                                    ]
                                }
                            ],
                            "severity": "LOW"
                        }
                    ],
                    "display_name": "enablement_state",
                    "enablement_state": "DISABLED",
                    "project": "cefwed",
                    "timeouts": null
                },
                "after_unknown": {
                    "ancestor_module": true,
                    "custom_config": [
                        {
                            "custom_output": [],
                            "predicate": [
                                {}
                            ],
                            "resource_selector": [
                                {
                                    "resource_types": [
                                        false
                                    ]
                                }
                            ]
                        }
                    ],
                    "id": true,
                    "last_editor": true,
                    "name": true,
                    "update_time": true
                },
                "before_sensitive": false,
                "after_sensitive": {
                    "custom_config": [
                        {
                            "custom_output": [],
                            "predicate": [
                                {}
                            ],
                            "resource_selector": [
                                {
                                    "resource_types": [
                                        false
                                    ]
                                }
                            ]
                        }
                    ]
                }
            }
        }
    ],
    "configuration": {
        "provider_config": {
            "google": {
                "name": "google",
                "full_name": "registry.terraform.io/hashicorp/google",
                "version_constraint": "6.8.0"
            }
        },
        "root_module": {
            "resources": [
                {
                    "address": "google_scc_project_custom_module.c",
                    "mode": "managed",
                    "type": "google_scc_project_custom_module",
                    "name": "c",
                    "provider_config_key": "google",
                    "expressions": {
                        "custom_config": [
                            {
                                "predicate": [
                                    {
                                        "expression": {
                                            "constant_value": "resource.rotationPeriod \u003e duration(\"2592000s\")"
                                        }
                                    }
                                ],
                                "recommendation": {
                                    "constant_value": "Steps to resolve violation"
                                },
                                "resource_selector": [
                                    {
                                        "resource_types": {
                                            "constant_value": [
                                                "cloudkms.googleapis.com/CryptoKey"
                                            ]
                                        }
                                    }
                                ],
                                "severity": {
                                    "constant_value": "LOW"
                                }
                            }
                        ],
                        "display_name": {
                            "constant_value": "enablement_state"
                        },
                        "enablement_state": {
                            "constant_value": "ENABLED"
                        },
                        "project": {
                            "constant_value": "cefwed"
                        }
                    },
                    "schema_version": 0
                },
                {
                    "address": "google_scc_project_custom_module.nc",
                    "mode": "managed",
                    "type": "google_scc_project_custom_module",
                    "name": "nc",
                    "provider_config_key": "google",
                    "expressions": {
                        "custom_config": [
                            {
                                "predicate": [
                                    {
                                        "expression": {
                                            "constant_value": "resource.rotationPeriod \u003e duration(\"2592000s\")"
                                        }
                                    }
                                ],
                                "recommendation": {
                                    "constant_value": "Steps to resolve violation"
                                },
                                "resource_selector": [
                                    {
                                        "resource_types": {
                                            "constant_value": [
                                                "cloudkms.googleapis.com/CryptoKey"
                                            ]
                                        }
                                    }
                                ],
                                "severity": {
                                    "constant_value": "LOW"
                                }
                            }
                        ],
                        "display_name": {
                            "constant_value": "enablement_state"
                        },
                        "enablement_state": {
                            "constant_value": "DISABLED"
                        },
                        "project": {
                            "constant_value": "cefwed"
                        }
                    },
                    "schema_version": 0
                }
            ]
        }
    },
    "timestamp": "2025-05-05T00:57:08Z",
    "applyable": true,
    "complete": true,
    "errored": false
}