{"format_version":"1.2","terraform_version":"1.9.5","planned_values":{"root_module":{"resources":[{"address":"google_scc_organization_custom_module.c","mode":"managed","type":"google_scc_organization_custom_module","name":"c","provider_name":"registry.terraform.io/hashicorp/google","schema_version":0,"values":{"custom_config":[{"custom_output":[],"description":"The rotation period of the identified cryptokey resource exceeds 30 days.","predicate":[{"description":null,"expression":"resource.rotationPeriod \u003e duration(\"2592000s\")","location":null,"title":null}],"recommendation":"Set the rotation period to at most 30 days.","resource_selector":[{"resource_types":["cloudkms.googleapis.com/CryptoKey"]}],"severity":"MEDIUM"}],"display_name":"enablement_state","enablement_state":"ENABLED","organization":"123456789","timeouts":null},"sensitive_values":{"custom_config":[{"custom_output":[],"predicate":[{}],"resource_selector":[{"resource_types":[false]}]}]}},{"address":"google_scc_organization_custom_module.nc","mode":"managed","type":"google_scc_organization_custom_module","name":"nc","provider_name":"registry.terraform.io/hashicorp/google","schema_version":0,"values":{"custom_config":[{"custom_output":[],"description":"The rotation period of the identified cryptokey resource exceeds 30 days.","predicate":[{"description":null,"expression":"resource.rotationPeriod \u003e duration(\"2592000s\")","location":null,"title":null}],"recommendation":"Set the rotation period to at most 30 days.","resource_selector":[{"resource_types":["cloudkms.googleapis.com/CryptoKey"]}],"severity":"MEDIUM"}],"display_name":"enablement_state","enablement_state":"DISABLED","organization":"123456789","timeouts":null},"sensitive_values":{"custom_config":[{"custom_output":[],"predicate":[{}],"resource_selector":[{"resource_types":[false]}]}]}}]}},"resource_changes":[{"address":"google_scc_organization_custom_module.c","mode":"managed","type":"google_scc_organization_custom_module","name":"c","provider_name":"registry.terraform.io/hashicorp/google","change":{"actions":["create"],"before":null,"after":{"custom_config":[{"custom_output":[],"description":"The rotation period of the identified cryptokey resource exceeds 30 days.","predicate":[{"description":null,"expression":"resource.rotationPeriod \u003e duration(\"2592000s\")","location":null,"title":null}],"recommendation":"Set the rotation period to at most 30 days.","resource_selector":[{"resource_types":["cloudkms.googleapis.com/CryptoKey"]}],"severity":"MEDIUM"}],"display_name":"enablement_state","enablement_state":"ENABLED","organization":"123456789","timeouts":null},"after_unknown":{"ancestor_module":true,"custom_config":[{"custom_output":[],"predicate":[{}],"resource_selector":[{"resource_types":[false]}]}],"id":true,"last_editor":true,"name":true,"update_time":true},"before_sensitive":false,"after_sensitive":{"custom_config":[{"custom_output":[],"predicate":[{}],"resource_selector":[{"resource_types":[false]}]}]}}},{"address":"google_scc_organization_custom_module.nc","mode":"managed","type":"google_scc_organization_custom_module","name":"nc","provider_name":"registry.terraform.io/hashicorp/google","change":{"actions":["create"],"before":null,"after":{"custom_config":[{"custom_output":[],"description":"The rotation period of the identified cryptokey resource exceeds 30 days.","predicate":[{"description":null,"expression":"resource.rotationPeriod \u003e duration(\"2592000s\")","location":null,"title":null}],"recommendation":"Set the rotation period to at most 30 days.","resource_selector":[{"resource_types":["cloudkms.googleapis.com/CryptoKey"]}],"severity":"MEDIUM"}],"display_name":"enablement_state","enablement_state":"DISABLED","organization":"123456789","timeouts":null},"after_unknown":{"ancestor_module":true,"custom_config":[{"custom_output":[],"predicate":[{}],"resource_selector":[{"resource_types":[false]}]}],"id":true,"last_editor":true,"name":true,"update_time":true},"before_sensitive":false,"after_sensitive":{"custom_config":[{"custom_output":[],"predicate":[{}],"resource_selector":[{"resource_types":[false]}]}]}}}],"configuration":{"provider_config":{"google":{"name":"google","full_name":"registry.terraform.io/hashicorp/google","version_constraint":"6.8.0"}},"root_module":{"resources":[{"address":"google_scc_organization_custom_module.c","mode":"managed","type":"google_scc_organization_custom_module","name":"c","provider_config_key":"google","expressions":{"custom_config":[{"description":{"constant_value":"The rotation period of the identified cryptokey resource exceeds 30 days."},"predicate":[{"expression":{"constant_value":"resource.rotationPeriod \u003e duration(\"2592000s\")"}}],"recommendation":{"constant_value":"Set the rotation period to at most 30 days."},"resource_selector":[{"resource_types":{"constant_value":["cloudkms.googleapis.com/CryptoKey"]}}],"severity":{"constant_value":"MEDIUM"}}],"display_name":{"constant_value":"enablement_state"},"enablement_state":{"constant_value":"ENABLED"},"organization":{"constant_value":"123456789"}},"schema_version":0},{"address":"google_scc_organization_custom_module.nc","mode":"managed","type":"google_scc_organization_custom_module","name":"nc","provider_config_key":"google","expressions":{"custom_config":[{"description":{"constant_value":"The rotation period of the identified cryptokey resource exceeds 30 days."},"predicate":[{"expression":{"constant_value":"resource.rotationPeriod \u003e duration(\"2592000s\")"}}],"recommendation":{"constant_value":"Set the rotation period to at most 30 days."},"resource_selector":[{"resource_types":{"constant_value":["cloudkms.googleapis.com/CryptoKey"]}}],"severity":{"constant_value":"MEDIUM"}}],"display_name":{"constant_value":"enablement_state"},"enablement_state":{"constant_value":"DISABLED"},"organization":{"constant_value":"123456789"}},"schema_version":0}]}},"timestamp":"2025-05-04T23:38:32Z","applyable":true,"complete":true,"errored":false}
