{
  "format_version": "1.2",
  "terraform_version": "1.11.3",
  "planned_values": {
    "root_module": {
      "resources": [
        {
          "address": "google_backup_dr_backup_vault.c",
          "mode": "managed",
          "type": "google_backup_dr_backup_vault",
          "name": "c",
          "provider_name": "registry.terraform.io/hashicorp/google-beta",
          "schema_version": 0,
          "values": {
            "access_restriction": "WITHIN_ORGANIZATION",
            "allow_missing": false,
            "annotations": null,
            "backup_minimum_enforced_retention_duration": "86400s",
            "backup_vault_id": "backup-vault-c",
            "description": null,
            "effective_labels": {
              "goog-terraform-provisioned": "true"
            },
            "effective_time": null,
            "force_delete": false,
            "force_update": false,
            "ignore_backup_plan_references": false,
            "ignore_inactive_datasources": false,
            "labels": null,
            "location": "australia-southeast1",
            "project": "policy-deployment-backups",
            "terraform_labels": {
              "goog-terraform-provisioned": "true"
            },
            "timeouts": null,
            "name": "backup-vault-c"
          },
          "sensitive_values": {
            "effective_annotations": {},
            "effective_labels": {},
            "terraform_labels": {}
          }
        },
        {
          "address": "google_backup_dr_backup_vault.nc",
          "mode": "managed",
          "type": "google_backup_dr_backup_vault",
          "name": "nc",
          "provider_name": "registry.terraform.io/hashicorp/google-beta",
          "schema_version": 0,
          "values": {
            "access_restriction": "WITHIN_ORGANIZATION",
            "allow_missing": false,
            "annotations": null,
            "backup_minimum_enforced_retention_duration": "3600s",
            "backup_vault_id": "backup-vault-nc",
            "description": null,
            "effective_labels": {
              "goog-terraform-provisioned": "true"
            },
            "effective_time": null,
            "force_delete": false,
            "force_update": false,
            "ignore_backup_plan_references": false,
            "ignore_inactive_datasources": false,
            "labels": null,
            "location": "australia-southeast1",
            "project": "policy-deployment-backups",
            "terraform_labels": {
              "goog-terraform-provisioned": "true"
            },
            "timeouts": null,
            "name": "backup-vault-nc"
          },
          "sensitive_values": {
            "effective_annotations": {},
            "effective_labels": {},
            "terraform_labels": {}
          }
        }
      ]
    }
  },
  "resource_changes": [
    {
      "address": "google_backup_dr_backup_vault.c",
      "mode": "managed",
      "type": "google_backup_dr_backup_vault",
      "name": "c",
      "provider_name": "registry.terraform.io/hashicorp/google-beta",
      "change": {
        "actions": [
          "create"
        ],
        "before": null,
        "after": {
          "access_restriction": "WITHIN_ORGANIZATION",
          "allow_missing": false,
          "annotations": null,
          "backup_minimum_enforced_retention_duration": "86400s",
          "backup_vault_id": "backup-vault-c",
          "description": null,
          "effective_labels": {
            "goog-terraform-provisioned": "true"
          },
          "effective_time": null,
          "force_delete": false,
          "force_update": false,
          "ignore_backup_plan_references": false,
          "ignore_inactive_datasources": false,
          "labels": null,
          "location": "australia-southeast1",
          "project": "policy-deployment-backups",
          "terraform_labels": {
            "goog-terraform-provisioned": "true"
          },
          "timeouts": null
        },
        "after_unknown": {
          "backup_count": true,
          "create_time": true,
          "deletable": true,
          "effective_annotations": true,
          "effective_labels": {},
          "etag": true,
          "id": true,
          "name": true,
          "service_account": true,
          "state": true,
          "terraform_labels": {},
          "total_stored_bytes": true,
          "uid": true,
          "update_time": true
        },
        "before_sensitive": false,
        "after_sensitive": {
          "effective_annotations": {},
          "effective_labels": {},
          "terraform_labels": {}
        }
      }
    },
    {
      "address": "google_backup_dr_backup_vault.nc",
      "mode": "managed",
      "type": "google_backup_dr_backup_vault",
      "name": "nc",
      "provider_name": "registry.terraform.io/hashicorp/google-beta",
      "change": {
        "actions": [
          "create"
        ],
        "before": null,
        "after": {
          "access_restriction": "WITHIN_ORGANIZATION",
          "allow_missing": false,
          "annotations": null,
          "backup_minimum_enforced_retention_duration": "3600s",
          "backup_vault_id": "backup-vault-nc",
          "description": null,
          "effective_labels": {
            "goog-terraform-provisioned": "true"
          },
          "effective_time": null,
          "force_delete": false,
          "force_update": false,
          "ignore_backup_plan_references": false,
          "ignore_inactive_datasources": false,
          "labels": null,
          "location": "australia-southeast1",
          "project": "policy-deployment-backups",
          "terraform_labels": {
            "goog-terraform-provisioned": "true"
          },
          "timeouts": null
        },
        "after_unknown": {
          "backup_count": true,
          "create_time": true,
          "deletable": true,
          "effective_annotations": true,
          "effective_labels": {},
          "etag": true,
          "id": true,
          "name": true,
          "service_account": true,
          "state": true,
          "terraform_labels": {},
          "total_stored_bytes": true,
          "uid": true,
          "update_time": true
        },
        "before_sensitive": false,
        "after_sensitive": {
          "effective_annotations": {},
          "effective_labels": {},
          "terraform_labels": {}
        }
      }
    }
  ],
  "configuration": {
    "provider_config": {
      "google": {
        "name": "google",
        "full_name": "registry.terraform.io/hashicorp/google",
        "version_constraint": "6.8.0"
      },
      "google-beta": {
        "name": "google-beta",
        "full_name": "registry.terraform.io/hashicorp/google-beta"
      }
    },
    "root_module": {
      "resources": [
        {
          "address": "google_backup_dr_backup_vault.c",
          "mode": "managed",
          "type": "google_backup_dr_backup_vault",
          "name": "c",
          "provider_config_key": "google-beta",
          "expressions": {
            "backup_minimum_enforced_retention_duration": {
              "constant_value": "86400s"
            },
            "backup_vault_id": {
              "constant_value": "backup-vault-c"
            },
            "location": {
              "constant_value": "australia-southeast1"
            }
          },
          "schema_version": 0
        },
        {
          "address": "google_backup_dr_backup_vault.nc",
          "mode": "managed",
          "type": "google_backup_dr_backup_vault",
          "name": "nc",
          "provider_config_key": "google-beta",
          "expressions": {
            "backup_minimum_enforced_retention_duration": {
              "constant_value": "3600s"
            },
            "backup_vault_id": {
              "constant_value": "backup-vault-nc"
            },
            "location": {
              "constant_value": "australia-southeast1"
            }
          },
          "schema_version": 0
        }
      ]
    }
  },
  "timestamp": "2025-04-12T15:44:17Z",
  "applyable": true,
  "complete": true,
  "errored": false
}