{
    "format_version": "1.2",
    "terraform_version": "1.9.5",
    "planned_values": {
        "root_module": {
            "resources": [
                {
                    "address": "google_scc_event_threat_detection_custom_module.c",
                    "mode": "managed",
                    "type": "google_scc_event_threat_detection_custom_module",
                    "name": "c",
                    "provider_name": "registry.terraform.io/hashicorp/google",
                    "schema_version": 0,
                    "values": {
                        "config": "{\"ips\":[\"192.0.2.1\",\"192.0.2.0/24\"],\"metadata\":{\"description\":\"Flagged by Forcepoint as malicious\",\"recommendation\":\"Contact the owner of the relevant project.\",\"severity\":\"LOW\"}}",
                        "display_name": "enablement_state-c",
                        "enablement_state": "ENABLED",
                        "organization": "123456789",
                        "timeouts": null,
                        "type": "CONFIGURABLE_BAD_IP"
                    },
                    "sensitive_values": {}
                },
                {
                    "address": "google_scc_event_threat_detection_custom_module.nc",
                    "mode": "managed",
                    "type": "google_scc_event_threat_detection_custom_module",
                    "name": "nc",
                    "provider_name": "registry.terraform.io/hashicorp/google",
                    "schema_version": 0,
                    "values": {
                        "config": "{\"ips\":[\"192.0.2.1\",\"192.0.2.0/24\"],\"metadata\":{\"description\":\"Flagged by Forcepoint as malicious\",\"recommendation\":\"Contact the owner of the relevant project.\",\"severity\":\"LOW\"}}",
                        "display_name": "enablement_state-nc",
                        "enablement_state": "DISABLED",
                        "organization": "123456789",
                        "timeouts": null,
                        "type": "CONFIGURABLE_BAD_IP"
                    },
                    "sensitive_values": {}
                }
            ]
        }
    },
    "resource_changes": [
        {
            "address": "google_scc_event_threat_detection_custom_module.c",
            "mode": "managed",
            "type": "google_scc_event_threat_detection_custom_module",
            "name": "c",
            "provider_name": "registry.terraform.io/hashicorp/google",
            "change": {
                "actions": [
                    "create"
                ],
                "before": null,
                "after": {
                    "config": "{\"ips\":[\"192.0.2.1\",\"192.0.2.0/24\"],\"metadata\":{\"description\":\"Flagged by Forcepoint as malicious\",\"recommendation\":\"Contact the owner of the relevant project.\",\"severity\":\"LOW\"}}",
                    "display_name": "enablement_state",
                    "enablement_state": "ENABLED",
                    "organization": "123456789",
                    "timeouts": null,
                    "type": "CONFIGURABLE_BAD_IP"
                },
                "after_unknown": {
                    "id": true,
                    "last_editor": true,
                    "name": true,
                    "update_time": true
                },
                "before_sensitive": false,
                "after_sensitive": {}
            }
        },
        {
            "address": "google_scc_event_threat_detection_custom_module.nc",
            "mode": "managed",
            "type": "google_scc_event_threat_detection_custom_module",
            "name": "nc",
            "provider_name": "registry.terraform.io/hashicorp/google",
            "change": {
                "actions": [
                    "create"
                ],
                "before": null,
                "after": {
                    "config": "{\"ips\":[\"192.0.2.1\",\"192.0.2.0/24\"],\"metadata\":{\"description\":\"Flagged by Forcepoint as malicious\",\"recommendation\":\"Contact the owner of the relevant project.\",\"severity\":\"LOW\"}}",
                    "display_name": "enablement_state",
                    "enablement_state": "DISABLED",
                    "organization": "123456789",
                    "timeouts": null,
                    "type": "CONFIGURABLE_BAD_IP"
                },
                "after_unknown": {
                    "id": true,
                    "last_editor": true,
                    "name": true,
                    "update_time": true
                },
                "before_sensitive": false,
                "after_sensitive": {}
            }
        }
    ],
    "configuration": {
        "provider_config": {
            "google": {
                "name": "google",
                "full_name": "registry.terraform.io/hashicorp/google",
                "version_constraint": "6.8.0"
            }
        },
        "root_module": {
            "resources": [
                {
                    "address": "google_scc_event_threat_detection_custom_module.c",
                    "mode": "managed",
                    "type": "google_scc_event_threat_detection_custom_module",
                    "name": "c",
                    "provider_config_key": "google",
                    "expressions": {
                        "config": {},
                        "display_name": {
                            "constant_value": "enablement_state"
                        },
                        "enablement_state": {
                            "constant_value": "ENABLED"
                        },
                        "organization": {
                            "constant_value": "123456789"
                        },
                        "type": {
                            "constant_value": "CONFIGURABLE_BAD_IP"
                        }
                    },
                    "schema_version": 0
                },
                {
                    "address": "google_scc_event_threat_detection_custom_module.nc",
                    "mode": "managed",
                    "type": "google_scc_event_threat_detection_custom_module",
                    "name": "nc",
                    "provider_config_key": "google",
                    "expressions": {
                        "config": {},
                        "display_name": {
                            "constant_value": "enablement_state"
                        },
                        "enablement_state": {
                            "constant_value": "DISABLED"
                        },
                        "organization": {
                            "constant_value": "123456789"
                        },
                        "type": {
                            "constant_value": "CONFIGURABLE_BAD_IP"
                        }
                    },
                    "schema_version": 0
                }
            ]
        }
    },
    "timestamp": "2025-05-03T13:09:34Z",
    "applyable": true,
    "complete": true,
    "errored": false
}